{
  "nodes": {
    "colorscheme": {
      "inputs": {
        "flake-parts": "flake-parts",
        "home-manager": "home-manager",
        "import-tree": "import-tree",
        "nix-math": "nix-math",
        "nixpkgs": "nixpkgs_3",
        "systems": "systems"
      },
      "locked": {
        "lastModified": 1780939439,
        "narHash": "sha256-4UTfsgcGWg+Jce9s6l6K1tLyPtxapGPTEzXr+yoX2N0=",
        "owner": "0xcharly",
        "repo": "nix-config-colorscheme",
        "rev": "0ad9c98b52138beb02553fdeb45beaab0061cb80",
        "type": "github"
      },
      "original": {
        "owner": "0xcharly",
        "repo": "nix-config-colorscheme",
        "type": "github"
      }
    },
    "devenv": {
      "locked": {
        "dir": "src/modules",
        "lastModified": 1781195293,
        "narHash": "sha256-C9OFghpvf3RzK2rGsZjjNNrTrHgFOecEkpDhFnU4QGs=",
        "owner": "cachix",
        "repo": "devenv",
        "rev": "5f5109c83854577191634f7b86fc6e0c8fd44964",
        "type": "github"
      },
      "original": {
        "dir": "src/modules",
        "owner": "cachix",
        "repo": "devenv",
        "type": "github"
      }
    },
    "flake-compat": {
      "flake": false,
      "locked": {
        "lastModified": 1696426674,
        "narHash": "sha256-kvjfFW7WAETZlt09AgDn1MrtKzP7t90Vf7vypd3OL1U=",
        "owner": "edolstra",
        "repo": "flake-compat",
        "rev": "0f9255e01c2351cc7d116c072cb317785dd33b33",
        "type": "github"
      },
      "original": {
        "owner": "edolstra",
        "repo": "flake-compat",
        "type": "github"
      }
    },
    "flake-parts": {
      "inputs": {
        "nixpkgs-lib": "nixpkgs-lib"
      },
      "locked": {
        "lastModified": 1777932387,
        "narHash": "sha256-nUYVPiqrzr36ThiQOAr5MKeGHDBSDM3OFWkz0uDjOvc=",
        "owner": "hercules-ci",
        "repo": "flake-parts",
        "rev": "71a3a77326609675e9f8b51084cf23d5d1945899",
        "type": "github"
      },
      "original": {
        "owner": "hercules-ci",
        "repo": "flake-parts",
        "type": "github"
      }
    },
    "flake-parts_2": {
      "inputs": {
        "nixpkgs-lib": "nixpkgs-lib_2"
      },
      "locked": {
        "lastModified": 1733312601,
        "narHash": "sha256-4pDvzqnegAfRkPwO3wmwBhVi/Sye1mzps0zHWYnP88c=",
        "owner": "hercules-ci",
        "repo": "flake-parts",
        "rev": "205b12d8b7cd4802fbcb8e8ef6a0f1408781a4f9",
        "type": "github"
      },
      "original": {
        "owner": "hercules-ci",
        "repo": "flake-parts",
        "type": "github"
      }
    },
    "flake-parts_3": {
      "inputs": {
        "nixpkgs-lib": "nixpkgs-lib_3"
      },
      "locked": {
        "lastModified": 1717285511,
        "narHash": "sha256-iKzJcpdXih14qYVcZ9QC9XuZYnPc6T8YImb6dX166kw=",
        "owner": "hercules-ci",
        "repo": "flake-parts",
        "rev": "2a55567fcf15b1b1c7ed712a2c6fadaec7412ea8",
        "type": "github"
      },
      "original": {
        "owner": "hercules-ci",
        "repo": "flake-parts",
        "type": "github"
      }
    },
    "gen-luarc": {
      "inputs": {
        "flake-parts": "flake-parts_3",
        "git-hooks": "git-hooks",
        "luvit-meta": "luvit-meta",
        "nixpkgs": "nixpkgs_4"
      },
      "locked": {
        "lastModified": 1755304025,
        "narHash": "sha256-xVKfjFwc0zMbLMjLTiHz+0llggkjs93SmHkhaa9S3M4=",
        "owner": "mrcjkb",
        "repo": "nix-gen-luarc-json",
        "rev": "1865b0ebb753ae5324d7381b1fa8c98c04ec7509",
        "type": "github"
      },
      "original": {
        "owner": "mrcjkb",
        "repo": "nix-gen-luarc-json",
        "type": "github"
      }
    },
    "git-hooks": {
      "inputs": {
        "flake-compat": "flake-compat",
        "gitignore": "gitignore",
        "nixpkgs": [
          "gen-luarc",
          "nixpkgs"
        ],
        "nixpkgs-stable": "nixpkgs-stable"
      },
      "locked": {
        "lastModified": 1723803910,
        "narHash": "sha256-yezvUuFiEnCFbGuwj/bQcqg7RykIEqudOy/RBrId0pc=",
        "owner": "cachix",
        "repo": "git-hooks.nix",
        "rev": "bfef0ada09e2c8ac55bbcd0831bd0c9d42e651ba",
        "type": "github"
      },
      "original": {
        "owner": "cachix",
        "repo": "git-hooks.nix",
        "type": "github"
      }
    },
    "gitignore": {
      "inputs": {
        "nixpkgs": [
          "gen-luarc",
          "git-hooks",
          "nixpkgs"
        ]
      },
      "locked": {
        "lastModified": 1709087332,
        "narHash": "sha256-HG2cCnktfHsKV0s4XW83gU3F57gaTljL9KNSuG6bnQs=",
        "owner": "hercules-ci",
        "repo": "gitignore.nix",
        "rev": "637db329424fd7e46cf4185293b9cc8c88c95394",
        "type": "github"
      },
      "original": {
        "owner": "hercules-ci",
        "repo": "gitignore.nix",
        "type": "github"
      }
    },
    "home-manager": {
      "inputs": {
        "nixpkgs": "nixpkgs"
      },
      "locked": {
        "lastModified": 1777913624,
        "narHash": "sha256-4MwfrGuqjsnEORQbM3cmkmG/9cWhDV63dTDguDj4FXw=",
        "owner": "nix-community",
        "repo": "home-manager",
        "rev": "a89686d115e970e200eb2caa7603f3673050e00c",
        "type": "github"
      },
      "original": {
        "owner": "nix-community",
        "repo": "home-manager",
        "type": "github"
      }
    },
    "import-tree": {
      "locked": {
        "lastModified": 1773693634,
        "narHash": "sha256-BtZ2dtkBdSUnFPPFc+n0kcMbgaTxzFNPv2iaO326Ffg=",
        "owner": "vic",
        "repo": "import-tree",
        "rev": "c41e7d58045f9057880b0d85e1152d6a4430dbf1",
        "type": "github"
      },
      "original": {
        "owner": "vic",
        "repo": "import-tree",
        "type": "github"
      }
    },
    "luvit-meta": {
      "flake": false,
      "locked": {
        "lastModified": 1705776742,
        "narHash": "sha256-zAAptV/oLuLAAsa2zSB/6fxlElk4+jNZd/cPr9oxFig=",
        "owner": "Bilal2453",
        "repo": "luvit-meta",
        "rev": "ce76f6f6cdc9201523a5875a4471dcfe0186eb60",
        "type": "github"
      },
      "original": {
        "owner": "Bilal2453",
        "repo": "luvit-meta",
        "type": "github"
      }
    },
    "nix-math": {
      "inputs": {
        "flake-parts": "flake-parts_2",
        "nixpkgs": "nixpkgs_2"
      },
      "locked": {
        "lastModified": 1764482518,
        "narHash": "sha256-aZSAXJP1gGzYct0FDNcXMyO1aPoQKrZxKbSIXFGFsf0=",
        "owner": "xddxdd",
        "repo": "nix-math",
        "rev": "46548d9efaa2c13da1db383f7ff2b8a3a2d2de37",
        "type": "github"
      },
      "original": {
        "owner": "xddxdd",
        "repo": "nix-math",
        "type": "github"
      }
    },
    "nixpkgs": {
      "locked": {
        "lastModified": 1777268161,
        "narHash": "sha256-bxrdOn8SCOv8tN4JbTF/TXq7kjo9ag4M+C8yzzIRYbE=",
        "owner": "NixOS",
        "repo": "nixpkgs",
        "rev": "1c3fe55ad329cbcb28471bb30f05c9827f724c76",
        "type": "github"
      },
      "original": {
        "owner": "NixOS",
        "ref": "nixos-unstable",
        "repo": "nixpkgs",
        "type": "github"
      }
    },
    "nixpkgs-lib": {
      "locked": {
        "lastModified": 1777168982,
        "narHash": "sha256-GOkGPcboWE9BmGCRMLX3worL4EMnsnG8MyKmXNeYuhQ=",
        "owner": "nix-community",
        "repo": "nixpkgs.lib",
        "rev": "f5901329dade4a6ea039af1433fb087bd9c1fe14",
        "type": "github"
      },
      "original": {
        "owner": "nix-community",
        "repo": "nixpkgs.lib",
        "type": "github"
      }
    },
    "nixpkgs-lib_2": {
      "locked": {
        "lastModified": 1733096140,
        "narHash": "sha256-1qRH7uAUsyQI7R1Uwl4T+XvdNv778H0Nb5njNrqvylY=",
        "type": "tarball",
        "url": "https://github.com/NixOS/nixpkgs/archive/5487e69da40cbd611ab2cadee0b4637225f7cfae.tar.gz"
      },
      "original": {
        "type": "tarball",
        "url": "https://github.com/NixOS/nixpkgs/archive/5487e69da40cbd611ab2cadee0b4637225f7cfae.tar.gz"
      }
    },
    "nixpkgs-lib_3": {
      "locked": {
        "lastModified": 1717284937,
        "narHash": "sha256-lIbdfCsf8LMFloheeE6N31+BMIeixqyQWbSr2vk79EQ=",
        "type": "tarball",
        "url": "https://github.com/NixOS/nixpkgs/archive/eb9ceca17df2ea50a250b6b27f7bf6ab0186f198.tar.gz"
      },
      "original": {
        "type": "tarball",
        "url": "https://github.com/NixOS/nixpkgs/archive/eb9ceca17df2ea50a250b6b27f7bf6ab0186f198.tar.gz"
      }
    },
    "nixpkgs-src": {
      "flake": false,
      "locked": {
        "lastModified": 1778274207,
        "narHash": "sha256-I4puXmX1iovcCHZlRmztO3vW0mAbbRvq4F8wgIMQ1MM=",
        "owner": "NixOS",
        "repo": "nixpkgs",
        "rev": "b3da656039dc7a6240f27b2ef8cc6a3ef3bccae7",
        "type": "github"
      },
      "original": {
        "owner": "NixOS",
        "ref": "nixpkgs-unstable",
        "repo": "nixpkgs",
        "type": "github"
      }
    },
    "nixpkgs-stable": {
      "locked": {
        "lastModified": 1720386169,
        "narHash": "sha256-NGKVY4PjzwAa4upkGtAMz1npHGoRzWotlSnVlqI40mo=",
        "owner": "NixOS",
        "repo": "nixpkgs",
        "rev": "194846768975b7ad2c4988bdb82572c00222c0d7",
        "type": "github"
      },
      "original": {
        "owner": "NixOS",
        "ref": "nixos-24.05",
        "repo": "nixpkgs",
        "type": "github"
      }
    },
    "nixpkgs_2": {
      "locked": {
        "lastModified": 1735005654,
        "narHash": "sha256-62vInUmo5WS+0ZXhobdeMUdr1GHYfQHb2YasELZ6kk0=",
        "owner": "NixOS",
        "repo": "nixpkgs",
        "rev": "0a4b89adfe914aa10c33eaee34c93ea698a4ee2b",
        "type": "github"
      },
      "original": {
        "owner": "NixOS",
        "ref": "nixos-unstable-small",
        "repo": "nixpkgs",
        "type": "github"
      }
    },
    "nixpkgs_3": {
      "locked": {
        "lastModified": 1764947035,
        "narHash": "sha256-EYHSjVM4Ox4lvCXUMiKKs2vETUSL5mx+J2FfutM7T9w=",
        "owner": "nixos",
        "repo": "nixpkgs",
        "rev": "a672be65651c80d3f592a89b3945466584a22069",
        "type": "github"
      },
      "original": {
        "owner": "nixos",
        "ref": "nixpkgs-unstable",
        "repo": "nixpkgs",
        "type": "github"
      }
    },
    "nixpkgs_4": {
      "locked": {
        "lastModified": 1718714799,
        "narHash": "sha256-FUZpz9rg3gL8NVPKbqU8ei1VkPLsTIfAJ2fdAf5qjak=",
        "owner": "nixos",
        "repo": "nixpkgs",
        "rev": "c00d587b1a1afbf200b1d8f0b0e4ba9deb1c7f0e",
        "type": "github"
      },
      "original": {
        "owner": "nixos",
        "ref": "nixos-unstable",
        "repo": "nixpkgs",
        "type": "github"
      }
    },
    "nixpkgs_5": {
      "inputs": {
        "nixpkgs-src": "nixpkgs-src"
      },
      "locked": {
        "lastModified": 1778507786,
        "narHash": "sha256-HzSQCKMsMr8r55LwM1JuzIOB+8bzk0FEv6sItKvsfoY=",
        "owner": "cachix",
        "repo": "devenv-nixpkgs",
        "rev": "8f24a228a782e24576b155d1e39f0d914b380691",
        "type": "github"
      },
      "original": {
        "owner": "cachix",
        "ref": "rolling",
        "repo": "devenv-nixpkgs",
        "type": "github"
      }
    },
    "root": {
      "inputs": {
        "colorscheme": "colorscheme",
        "devenv": "devenv",
        "gen-luarc": "gen-luarc",
        "nixpkgs": "nixpkgs_5"
      }
    },
    "systems": {
      "locked": {
        "lastModified": 1681028828,
        "narHash": "sha256-Vy1rq5AaRuLzOxct8nz4T6wlgyUR7zLU309k9mBC768=",
        "owner": "nix-systems",
        "repo": "default",
        "rev": "da67096a3b9bf56a91d16901293e51ba5b49a27e",
        "type": "github"
      },
      "original": {
        "owner": "nix-systems",
        "repo": "default",
        "type": "github"
      }
    }
  },
  "root": "root",
  "version": 7
}